
Microsoft Visual Studio Solution File, Format Version 12.00
# Visual Studio Version 16
VisualStudioVersion = 16.0.32228.343
MinimumVisualStudioVersion = 10.0.40219.1
Project("{FAE04EC0-301F-11D3-BF4B-00C04F79EFBC}") = "praktika2.1", "praktika2.1\praktika2.1.csproj", "{6122DCF5-06CA-46C2-A412-A68BD14E638D}"
EndProject
Project("{FAE04EC0-301F-11D3-BF4B-00C04F79EFBC}") = "ClassLibrary1", "ClassLibrary1\ClassLibrary1.csproj", "{52C9C9EE-55D2-4E37-A1AC-777E4F3D0FFE}"
EndProject
Global
	GlobalSection(SolutionConfigurationPlatforms) = preSolution
		Debug|Any CPU = Debug|Any CPU
		Release|Any CPU = Release|Any CPU
	EndGlobalSection
	GlobalSection(ProjectConfigurationPlatforms) = postSolution
		{6122DCF5-06CA-46C2-A412-A68BD14E638D}.Debug|Any CPU.ActiveCfg = Debug|Any CPU
		{6122DCF5-06CA-46C2-A412-A68BD14E638D}.Debug|Any CPU.Build.0 = Debug|Any CPU
		{6122DCF5-06CA-46C2-A412-A68BD14E638D}.Release|Any CPU.ActiveCfg = Release|Any CPU
		{6122DCF5-06CA-46C2-A412-A68BD14E638D}.Release|Any CPU.Build.0 = Release|Any CPU
		{52C9C9EE-55D2-4E37-A1AC-777E4F3D0FFE}.Debug|Any CPU.ActiveCfg = Debug|Any CPU
		{52C9C9EE-55D2-4E37-A1AC-777E4F3D0FFE}.Debug|Any CPU.Build.0 = Debug|Any CPU
		{52C9C9EE-55D2-4E37-A1AC-777E4F3D0FFE}.Release|Any CPU.ActiveCfg = Release|Any CPU
		{52C9C9EE-55D2-4E37-A1AC-777E4F3D0FFE}.Release|Any CPU.Build.0 = Release|Any CPU
	EndGlobalSection
	GlobalSection(SolutionProperties) = preSolution
		HideSolutionNode = FALSE
	EndGlobalSection
	GlobalSection(ExtensibilityGlobals) = postSolution
		SolutionGuid = {ED0FB0F1-C6AC-4DB8-8695-887BB954D61D}
	EndGlobalSection
EndGlobal
